
Microsoft Visual Studio Solution File, Format Version 12.00
# Visual Studio Version 17
VisualStudioVersion = 17.14.36310.24
MinimumVisualStudioVersion = 10.0.40219.1
Project("{FAE04EC0-301F-11D3-BF4B-00C04F79EFBC}") = "DXWpf", "DXWpf\DXWpf.csproj", "{7F68151D-FB99-4A8E-8CBD-D397DBF969F4}"
EndProject
Project("{FAE04EC0-301F-11D3-BF4B-00C04F79EFBC}") = "Tests", "Tests\Tests.csproj", "{DBFF2DA5-4F33-4171-BDEC-A5754FE288DC}"
EndProject
Global
	GlobalSection(SolutionConfigurationPlatforms) = preSolution
		Debug|Any CPU = Debug|Any CPU
		Release|Any CPU = Release|Any CPU
	EndGlobalSection
	GlobalSection(ProjectConfigurationPlatforms) = postSolution
		{7F68151D-FB99-4A8E-8CBD-D397DBF969F4}.Debug|Any CPU.ActiveCfg = Debug|Any CPU
		{7F68151D-FB99-4A8E-8CBD-D397DBF969F4}.Debug|Any CPU.Build.0 = Debug|Any CPU
		{7F68151D-FB99-4A8E-8CBD-D397DBF969F4}.Release|Any CPU.ActiveCfg = Release|Any CPU
		{7F68151D-FB99-4A8E-8CBD-D397DBF969F4}.Release|Any CPU.Build.0 = Release|Any CPU
		{DBFF2DA5-4F33-4171-BDEC-A5754FE288DC}.Debug|Any CPU.ActiveCfg = Debug|Any CPU
		{DBFF2DA5-4F33-4171-BDEC-A5754FE288DC}.Debug|Any CPU.Build.0 = Debug|Any CPU
		{DBFF2DA5-4F33-4171-BDEC-A5754FE288DC}.Release|Any CPU.ActiveCfg = Release|Any CPU
		{DBFF2DA5-4F33-4171-BDEC-A5754FE288DC}.Release|Any CPU.Build.0 = Release|Any CPU
	EndGlobalSection
	GlobalSection(SolutionProperties) = preSolution
		HideSolutionNode = FALSE
	EndGlobalSection
	GlobalSection(ExtensibilityGlobals) = postSolution
		SolutionGuid = {D5232907-5E0C-4A21-8B70-72B3EFA9F27E}
	EndGlobalSection
EndGlobal
